
Microsoft Visual Studio Solution File, Format Version 12.00
# Visual Studio Version 17
VisualStudioVersion = 17.13.35913.81
MinimumVisualStudioVersion = 10.0.40219.1
Project("{FAE04EC0-301F-11D3-BF4B-00C04F79EFBC}") = "AP", "AP\AP.csproj", "{CFE1D7A6-DC4E-D105-4F12-D4E1992C07AA}"
EndProject
Global
	GlobalSection(SolutionConfigurationPlatforms) = preSolution
		Debug|Any CPU = Debug|Any CPU
		Release|Any CPU = Release|Any CPU
	EndGlobalSection
	GlobalSection(ProjectConfigurationPlatforms) = postSolution
		{CFE1D7A6-DC4E-D105-4F12-D4E1992C07AA}.Debug|Any CPU.ActiveCfg = Debug|Any CPU
		{CFE1D7A6-DC4E-D105-4F12-D4E1992C07AA}.Debug|Any CPU.Build.0 = Debug|Any CPU
		{CFE1D7A6-DC4E-D105-4F12-D4E1992C07AA}.Release|Any CPU.ActiveCfg = Release|Any CPU
		{CFE1D7A6-DC4E-D105-4F12-D4E1992C07AA}.Release|Any CPU.Build.0 = Release|Any CPU
	EndGlobalSection
	GlobalSection(SolutionProperties) = preSolution
		HideSolutionNode = FALSE
	EndGlobalSection
	GlobalSection(ExtensibilityGlobals) = postSolution
		SolutionGuid = {543AFBB8-2F70-454A-B484-894F4C937F65}
	EndGlobalSection
EndGlobal
